github.com/andybalholm/brotli v1.0.3 h1:fpcw+r1N1h0Poc1F/pHbW40cUm/lMEQslZtCkBQ0UnM=
github.com/andybalholm/brotli v1.0.3/go.mod h1:fO7iG3H7G2nSZ7m0zPUDn85XEX2GTukHGRSepvi9Eig=
github.com/fgeth/bytebufferpool v1.0.3 h1:M8vLaiLOQavrH/EU7UDmxhnd/bd4NwOjnXhmr5bMkQE=
github.com/fgeth/bytebufferpool v1.0.3/go.mod h1:oN5RL3qKUAa38SmvR6WN51Il12tXJdSnere1OI3UT24=
github.com/fgeth/fasthttp v1.32.20 h1:0EKbu/eg0z/ay7uZNCegFPWp58I2xUVJA7Os6De3uxo=
github.com/fgeth/fasthttp v1.32.20/go.mod h1:IL1jPGPkue0+ZH8QJfyG0WEeQKS0K9hLvVChoN7+iaI=
github.com/fgeth/fasthttp v1.32.21 h1:wv7HlyWrJaMUzQtFKJU8GFDbarAI15/Wgkm1+2IW5pc=
github.com/fgeth/fasthttp v1.32.21/go.mod h1:IL1jPGPkue0+ZH8QJfyG0WEeQKS0K9hLvVChoN7+iaI=
github.com/fgeth/tcplisten v1.0.6/go.mod h1:oE8DxlTE8DqhBNCTtCbj/p4Ex5ywpJd1tOYTwFu4lmI=
github.com/klauspost/compress v1.13.6 h1:P76CopJELS0TiO2mebmnzgWaajssP/EszplttgQxcgc=
github.com/klauspost/compress v1.13.6/go.mod h1:/3/Vjq9QcHkK5uEr5lBEmyoZ1iFhe47etQ6QUkpK6sk=
golang.org/x/crypto v0.0.0-20210921155107-089bfa567519/go.mod h1:GvvjBRRGRdwPK5ydBHafDWAxML/pGHZbMvKqRZ5+Abc=
golang.org/x/net v0.0.0-20210226172049-e18ecbb05110/go.mod h1:m0MpNAwzfU5UDzcl9v0D8zg8gWTRqZa9RBIspLL5mdg=
golang.org/x/net v0.0.0-20211020060615-d418f374d309/go.mod h1:9nx3DQGgdP8bBQD5qxJ1jj9UTztislL4KSBs9R2vV5Y=
golang.org/x/sys v0.0.0-20201119102817-f84b799fce68/go.mod h1:h1NjWce9XRLGQEsW7wpKNCjG9DtNlClVuFLEZdDNbEs=
golang.org/x/sys v0.0.0-20210423082822-04245dca01da/go.mod h1:h1NjWce9XRLGQEsW7wpKNCjG9DtNlClVuFLEZdDNbEs=
golang.org/x/sys v0.0.0-20210615035016-665e8c7367d1/go.mod h1:oPkhp1MJrh7nUepCBck5+mAzfO9JrbApNNgaTdGDITg=
golang.org/x/sys v0.0.0-20211025201205-69cdffdb9359/go.mod h1:oPkhp1MJrh7nUepCBck5+mAzfO9JrbApNNgaTdGDITg=
golang.org/x/term v0.0.0-20201126162022-7de9c90e9dd1/go.mod h1:bj7SfCRtBDWHUb9snDiAeCFNEtKQo2Wmx5Cou7ajbmo=
golang.org/x/text v0.3.3/go.mod h1:5Zoc/QRtKVWzQhOtBMvqHzDpF6irO9z98xDceosuGiQ=
golang.org/x/text v0.3.6/go.mod h1:5Zoc/QRtKVWzQhOtBMvqHzDpF6irO9z98xDceosuGiQ=
golang.org/x/tools v0.0.0-20180917221912-90fa682c2a6e/go.mod h1:n7NCudcB/nEzxVGmLbDWY5pfWTLqBcC2KZ6jyYvM4mQ=
